{
  "name": "client",
  "version": "0.1.0",
  "lockfileVersion": 1,
  "dependencies": {
    "google-trends-api": {
      "version": "4.2.0",
      "resolved": "https://registry.npmjs.org/google-trends-api/-/google-trends-api-4.2.0.tgz",
      "integrity": "sha512-hA9F0g+ZPqh42Mrq8UfM41pV7umwkBy0/b6xAkVeDwF/8Z1WPDAWdE0y0MYdEPF7PZrHcEpKcSpTLUBnCPcyCg=="
    }
  }
}
